
Microsoft Visual Studio Solution File, Format Version 12.00
# Visual Studio Version 17
VisualStudioVersion = 17.14.36811.4 d17.14
MinimumVisualStudioVersion = 10.0.40219.1
Project("{FAE04EC0-301F-11D3-BF4B-00C04F79EFBC}") = "byreixwift.Server", "byreixwift.Server.csproj", "{0562C50C-42C4-4E9F-8BE2-FB6AAFFF0F9F}"
EndProject
Global
	GlobalSection(SolutionConfigurationPlatforms) = preSolution
		Debug|Any CPU = Debug|Any CPU
		Release|Any CPU = Release|Any CPU
	EndGlobalSection
	GlobalSection(ProjectConfigurationPlatforms) = postSolution
		{0562C50C-42C4-4E9F-8BE2-FB6AAFFF0F9F}.Debug|Any CPU.ActiveCfg = Debug|Any CPU
		{0562C50C-42C4-4E9F-8BE2-FB6AAFFF0F9F}.Debug|Any CPU.Build.0 = Debug|Any CPU
		{0562C50C-42C4-4E9F-8BE2-FB6AAFFF0F9F}.Release|Any CPU.ActiveCfg = Release|Any CPU
		{0562C50C-42C4-4E9F-8BE2-FB6AAFFF0F9F}.Release|Any CPU.Build.0 = Release|Any CPU
	EndGlobalSection
	GlobalSection(SolutionProperties) = preSolution
		HideSolutionNode = FALSE
	EndGlobalSection
	GlobalSection(ExtensibilityGlobals) = postSolution
		SolutionGuid = {20AF2DF4-968E-44EC-83A8-832F36CEE27A}
	EndGlobalSection
EndGlobal
